
Microsoft Visual Studio Solution File, Format Version 12.00
# Visual Studio Version 17
VisualStudioVersion = 17.5.33530.505
MinimumVisualStudioVersion = 10.0.40219.1
Project("{9A19103F-16F7-4668-BE54-9A1E7A4F7556}") = "MepWeb", "MepWeb.csproj", "{2887C164-636D-41B6-AA81-8E0E5CCED2E8}"
EndProject
Global
	GlobalSection(SolutionConfigurationPlatforms) = preSolution
		Debug|Any CPU = Debug|Any CPU
		Release|Any CPU = Release|Any CPU
	EndGlobalSection
	GlobalSection(ProjectConfigurationPlatforms) = postSolution
		{2887C164-636D-41B6-AA81-8E0E5CCED2E8}.Debug|Any CPU.ActiveCfg = Debug|Any CPU
		{2887C164-636D-41B6-AA81-8E0E5CCED2E8}.Debug|Any CPU.Build.0 = Debug|Any CPU
		{2887C164-636D-41B6-AA81-8E0E5CCED2E8}.Release|Any CPU.ActiveCfg = Release|Any CPU
		{2887C164-636D-41B6-AA81-8E0E5CCED2E8}.Release|Any CPU.Build.0 = Release|Any CPU
	EndGlobalSection
	GlobalSection(SolutionProperties) = preSolution
		HideSolutionNode = FALSE
	EndGlobalSection
	GlobalSection(ExtensibilityGlobals) = postSolution
		SolutionGuid = {2C68A042-8638-4FF9-838D-B1E739A6800D}
	EndGlobalSection
EndGlobal
